// !$*UTF8*$!
{
	archiveVersion = 1;
	classes = {
	};
	objectVersion = 46;
	objects = {

/* Begin PBXBuildFile section */
		D95F4867162A92AA00B966B9 /* libsndfile.a in Frameworks */ = {isa = PBXBuildFile; fileRef = D95F4866162A92AA00B966B9 /* libsndfile.a */; };
		D9785D7217B17E1800D09257 /* main.cpp in Sources */ = {isa = PBXBuildFile; fileRef = D9785D6D17B17E1800D09257 /* main.cpp */; };
		D9785D7317B17E1800D09257 /* taps_treesynth.cpp in Sources */ = {isa = PBXBuildFile; fileRef = D9785D6E17B17E1800D09257 /* taps_treesynth.cpp */; };
		D9785D7417B17E1800D09257 /* util_daub.cpp in Sources */ = {isa = PBXBuildFile; fileRef = D9785D7017B17E1800D09257 /* util_daub.cpp */; };
/* End PBXBuildFile section */

/* Begin PBXCopyFilesBuildPhase section */
		D920570915C919B800CF8E97 /* CopyFiles */ = {
			isa = PBXCopyFilesBuildPhase;
			buildActionMask = 2147483647;
			dstPath = /usr/share/man/man1/;
			dstSubfolderSpec = 0;
			files = (
			);
			runOnlyForDeploymentPostprocessing = 1;
		};
/* End PBXCopyFilesBuildPhase section */

/* Begin PBXFileReference section */
		D920570B15C919B800CF8E97 /* Treesynth_guts */ = {isa = PBXFileReference; explicitFileType = "compiled.mach-o.executable"; includeInIndex = 0; name = Treesynth_guts; path = Treesynth; sourceTree = BUILT_PRODUCTS_DIR; };
		D95F4866162A92AA00B966B9 /* libsndfile.a */ = {isa = PBXFileReference; lastKnownFileType = archive.ar; name = libsndfile.a; path = /usr/local/lib/libsndfile.a; sourceTree = "<absolute>"; };
		D9785D6D17B17E1800D09257 /* main.cpp */ = {isa = PBXFileReference; fileEncoding = 4; lastKnownFileType = sourcecode.cpp.cpp; path = main.cpp; sourceTree = "<group>"; };
		D9785D6E17B17E1800D09257 /* taps_treesynth.cpp */ = {isa = PBXFileReference; fileEncoding = 4; lastKnownFileType = sourcecode.cpp.cpp; path = taps_treesynth.cpp; sourceTree = "<group>"; };
		D9785D6F17B17E1800D09257 /* taps_treesynth.h */ = {isa = PBXFileReference; fileEncoding = 4; lastKnownFileType = sourcecode.c.h; path = taps_treesynth.h; sourceTree = "<group>"; };
		D9785D7017B17E1800D09257 /* util_daub.cpp */ = {isa = PBXFileReference; fileEncoding = 4; lastKnownFileType = sourcecode.cpp.cpp; path = util_daub.cpp; sourceTree = "<group>"; };
		D9785D7117B17E1800D09257 /* util_daub.h */ = {isa = PBXFileReference; fileEncoding = 4; lastKnownFileType = sourcecode.c.h; path = util_daub.h; sourceTree = "<group>"; };
/* End PBXFileReference section */

/* Begin PBXFrameworksBuildPhase section */
		D920570815C919B800CF8E97 /* Frameworks */ = {
			isa = PBXFrameworksBuildPhase;
			buildActionMask = 2147483647;
			files = (
				D95F4867162A92AA00B966B9 /* libsndfile.a in Frameworks */,
			);
			runOnlyForDeploymentPostprocessing = 0;
		};
/* End PBXFrameworksBuildPhase section */

/* Begin PBXGroup section */
		D920570015C919B800CF8E97 = {
			isa = PBXGroup;
			children = (
				D9785D6C17B17E1800D09257 /* src */,
				D9785D6B17B178CD00D09257 /* libs */,
				D920570C15C919B800CF8E97 /* Products */,
			);
			sourceTree = "<group>";
		};
		D920570C15C919B800CF8E97 /* Products */ = {
			isa = PBXGroup;
			children = (
				D920570B15C919B800CF8E97 /* Treesynth_guts */,
			);
			name = Products;
			sourceTree = "<group>";
		};
		D9785D6B17B178CD00D09257 /* libs */ = {
			isa = PBXGroup;
			children = (
				D95F4866162A92AA00B966B9 /* libsndfile.a */,
			);
			name = libs;
			path = Treesynth_guts;
			sourceTree = "<group>";
		};
		D9785D6C17B17E1800D09257 /* src */ = {
			isa = PBXGroup;
			children = (
				D9785D6D17B17E1800D09257 /* main.cpp */,
				D9785D6E17B17E1800D09257 /* taps_treesynth.cpp */,
				D9785D6F17B17E1800D09257 /* taps_treesynth.h */,
				D9785D7017B17E1800D09257 /* util_daub.cpp */,
				D9785D7117B17E1800D09257 /* util_daub.h */,
			);
			path = src;
			sourceTree = "<group>";
		};
/* End PBXGroup section */

/* Begin PBXNativeTarget section */
		D920570A15C919B800CF8E97 /* Treesynth */ = {
			isa = PBXNativeTarget;
			buildConfigurationList = D920571515C919B800CF8E97 /* Build configuration list for PBXNativeTarget "Treesynth" */;
			buildPhases = (
				D920570715C919B800CF8E97 /* Sources */,
				D920570815C919B800CF8E97 /* Frameworks */,
				D920570915C919B800CF8E97 /* CopyFiles */,
			);
			buildRules = (
			);
			dependencies = (
			);
			name = Treesynth;
			productName = Treesynth_guts;
			productReference = D920570B15C919B800CF8E97 /* Treesynth_guts */;
			productType = "com.apple.product-type.tool";
		};
/* End PBXNativeTarget section */

/* Begin PBXProject section */
		D920570215C919B800CF8E97 /* Project object */ = {
			isa = PBXProject;
			attributes = {
				LastUpgradeCheck = 0450;
			};
			buildConfigurationList = D920570515C919B800CF8E97 /* Build configuration list for PBXProject "Treesynth" */;
			compatibilityVersion = "Xcode 3.2";
			developmentRegion = English;
			hasScannedForEncodings = 0;
			knownRegions = (
				en,
			);
			mainGroup = D920570015C919B800CF8E97;
			productRefGroup = D920570C15C919B800CF8E97 /* Products */;
			projectDirPath = "";
			projectRoot = "";
			targets = (
				D920570A15C919B800CF8E97 /* Treesynth */,
			);
		};
/* End PBXProject section */

/* Begin PBXSourcesBuildPhase section */
		D920570715C919B800CF8E97 /* Sources */ = {
			isa = PBXSourcesBuildPhase;
			buildActionMask = 2147483647;
			files = (
				D9785D7217B17E1800D09257 /* main.cpp in Sources */,
				D9785D7317B17E1800D09257 /* taps_treesynth.cpp in Sources */,
				D9785D7417B17E1800D09257 /* util_daub.cpp in Sources */,
			);
			runOnlyForDeploymentPostprocessing = 0;
		};
/* End PBXSourcesBuildPhase section */

/* Begin XCBuildConfiguration section */
		D920571315C919B800CF8E97 /* Debug */ = {
			isa = XCBuildConfiguration;
			buildSettings = {
				ALWAYS_SEARCH_USER_PATHS = YES;
				ARCHS = "$(ARCHS_STANDARD_64_BIT)";
				COPY_PHASE_STRIP = NO;
				GCC_C_LANGUAGE_STANDARD = gnu99;
				GCC_DYNAMIC_NO_PIC = NO;
				GCC_ENABLE_OBJC_EXCEPTIONS = YES;
				GCC_OPTIMIZATION_LEVEL = 0;
				GCC_PREPROCESSOR_DEFINITIONS = (
					"DEBUG=1",
					"$(inherited)",
				);
				GCC_SYMBOLS_PRIVATE_EXTERN = NO;
				GCC_VERSION = com.apple.compilers.llvm.clang.1_0;
				GCC_WARN_64_TO_32_BIT_CONVERSION = YES;
				GCC_WARN_ABOUT_MISSING_PROTOTYPES = YES;
				GCC_WARN_ABOUT_RETURN_TYPE = YES;
				GCC_WARN_UNUSED_VARIABLE = YES;
				HEADER_SEARCH_PATHS = /usr/local/include;
				MACOSX_DEPLOYMENT_TARGET = 10.7;
				ONLY_ACTIVE_ARCH = YES;
				SDKROOT = "";
			};
			name = Debug;
		};
		D920571415C919B800CF8E97 /* Release */ = {
			isa = XCBuildConfiguration;
			buildSettings = {
				ALWAYS_SEARCH_USER_PATHS = YES;
				ARCHS = "$(ARCHS_STANDARD_64_BIT)";
				COPY_PHASE_STRIP = YES;
				DEBUG_INFORMATION_FORMAT = "dwarf-with-dsym";
				GCC_C_LANGUAGE_STANDARD = gnu99;
				GCC_ENABLE_OBJC_EXCEPTIONS = YES;
				GCC_VERSION = com.apple.compilers.llvm.clang.1_0;
				GCC_WARN_64_TO_32_BIT_CONVERSION = YES;
				GCC_WARN_ABOUT_MISSING_PROTOTYPES = YES;
				GCC_WARN_ABOUT_RETURN_TYPE = YES;
				GCC_WARN_UNUSED_VARIABLE = YES;
				HEADER_SEARCH_PATHS = /usr/local/include;
				MACOSX_DEPLOYMENT_TARGET = 10.7;
				SDKROOT = "";
			};
			name = Release;
		};
		D920571615C919B800CF8E97 /* Debug */ = {
			isa = XCBuildConfiguration;
			buildSettings = {
				LIBRARY_SEARCH_PATHS = /usr/local/lib;
				PRODUCT_NAME = "$(TARGET_NAME)";
				SDKROOT = "";
			};
			name = Debug;
		};
		D920571715C919B800CF8E97 /* Release */ = {
			isa = XCBuildConfiguration;
			buildSettings = {
				LIBRARY_SEARCH_PATHS = /usr/local/lib;
				PRODUCT_NAME = "$(TARGET_NAME)";
				SDKROOT = "";
			};
			name = Release;
		};
/* End XCBuildConfiguration section */

/* Begin XCConfigurationList section */
		D920570515C919B800CF8E97 /* Build configuration list for PBXProject "Treesynth" */ = {
			isa = XCConfigurationList;
			buildConfigurations = (
				D920571315C919B800CF8E97 /* Debug */,
				D920571415C919B800CF8E97 /* Release */,
			);
			defaultConfigurationIsVisible = 0;
			defaultConfigurationName = Release;
		};
		D920571515C919B800CF8E97 /* Build configuration list for PBXNativeTarget "Treesynth" */ = {
			isa = XCConfigurationList;
			buildConfigurations = (
				D920571615C919B800CF8E97 /* Debug */,
				D920571715C919B800CF8E97 /* Release */,
			);
			defaultConfigurationIsVisible = 0;
			defaultConfigurationName = Release;
		};
/* End XCConfigurationList section */
	};
	rootObject = D920570215C919B800CF8E97 /* Project object */;
}
